
Microsoft Visual Studio Solution File, Format Version 12.00
# Visual Studio 2013
VisualStudioVersion = 12.0.21005.1
MinimumVisualStudioVersion = 10.0.40219.1
Project("{FAE04EC0-301F-11D3-BF4B-00C04F79EFBC}") = "Swaggerator", "Swaggerator\Swaggerator.csproj", "{0AD6EFBC-412F-4C0E-8E0A-0FAF28151B55}"
EndProject
Project("{FAE04EC0-301F-11D3-BF4B-00C04F79EFBC}") = "Swaggerator.Test", "Swaggerator.Test\Swaggerator.Test.csproj", "{526C1566-47FD-494F-A3CE-5CAC93EE038C}"
EndProject
Project("{FAE04EC0-301F-11D3-BF4B-00C04F79EFBC}") = "SampleService", "SampleService\SampleService.csproj", "{AB5D5EFD-BF0C-4287-8371-C5BFC7CB7FC3}"
EndProject
Project("{2150E333-8FDC-42A3-9474-1A3956D46DE8}") = ".nuget", ".nuget", "{8139A6CD-E6F3-48B9-A45F-9A9B8427A365}"
	ProjectSection(SolutionItems) = preProject
		.nuget\NuGet.Config = .nuget\NuGet.Config
		.nuget\NuGet.exe = .nuget\NuGet.exe
		.nuget\NuGet.targets = .nuget\NuGet.targets
	EndProjectSection
EndProject
Project("{2150E333-8FDC-42A3-9474-1A3956D46DE8}") = "Solution Items", "Solution Items", "{479EF2BE-93C9-4DE8-ACDD-538BB2203DB4}"
	ProjectSection(SolutionItems) = preProject
		..\README.md = ..\README.md
	EndProjectSection
EndProject
Project("{FAE04EC0-301F-11D3-BF4B-00C04F79EFBC}") = "Swaggerator.Core", "Swaggerator.Core\Swaggerator.Core.csproj", "{B9ADD79F-AEED-42C8-B244-2AF9FE867B58}"
EndProject
Project("{FAE04EC0-301F-11D3-BF4B-00C04F79EFBC}") = "Swaggerator.Core.Test", "Swaggerator.Core.Test\Swaggerator.Core.Test.csproj", "{7D851C21-BEAD-4864-9211-C1FC1530B515}"
EndProject
Project("{FAE04EC0-301F-11D3-BF4B-00C04F79EFBC}") = "Swaggerator.WCF", "Swaggerator.WCF\Swaggerator.WCF.csproj", "{1C54B143-04FA-429F-9064-B9F5D0ED4203}"
EndProject
Global
	GlobalSection(SolutionConfigurationPlatforms) = preSolution
		Debug|Any CPU = Debug|Any CPU
		Release|Any CPU = Release|Any CPU
	EndGlobalSection
	GlobalSection(ProjectConfigurationPlatforms) = postSolution
		{0AD6EFBC-412F-4C0E-8E0A-0FAF28151B55}.Debug|Any CPU.ActiveCfg = Debug|Any CPU
		{0AD6EFBC-412F-4C0E-8E0A-0FAF28151B55}.Debug|Any CPU.Build.0 = Debug|Any CPU
		{0AD6EFBC-412F-4C0E-8E0A-0FAF28151B55}.Release|Any CPU.ActiveCfg = Release|Any CPU
		{0AD6EFBC-412F-4C0E-8E0A-0FAF28151B55}.Release|Any CPU.Build.0 = Release|Any CPU
		{526C1566-47FD-494F-A3CE-5CAC93EE038C}.Debug|Any CPU.ActiveCfg = Debug|Any CPU
		{526C1566-47FD-494F-A3CE-5CAC93EE038C}.Debug|Any CPU.Build.0 = Debug|Any CPU
		{526C1566-47FD-494F-A3CE-5CAC93EE038C}.Release|Any CPU.ActiveCfg = Release|Any CPU
		{526C1566-47FD-494F-A3CE-5CAC93EE038C}.Release|Any CPU.Build.0 = Release|Any CPU
		{AB5D5EFD-BF0C-4287-8371-C5BFC7CB7FC3}.Debug|Any CPU.ActiveCfg = Debug|Any CPU
		{AB5D5EFD-BF0C-4287-8371-C5BFC7CB7FC3}.Debug|Any CPU.Build.0 = Debug|Any CPU
		{AB5D5EFD-BF0C-4287-8371-C5BFC7CB7FC3}.Release|Any CPU.ActiveCfg = Release|Any CPU
		{AB5D5EFD-BF0C-4287-8371-C5BFC7CB7FC3}.Release|Any CPU.Build.0 = Release|Any CPU
		{B9ADD79F-AEED-42C8-B244-2AF9FE867B58}.Debug|Any CPU.ActiveCfg = Debug|Any CPU
		{B9ADD79F-AEED-42C8-B244-2AF9FE867B58}.Debug|Any CPU.Build.0 = Debug|Any CPU
		{B9ADD79F-AEED-42C8-B244-2AF9FE867B58}.Release|Any CPU.ActiveCfg = Release|Any CPU
		{B9ADD79F-AEED-42C8-B244-2AF9FE867B58}.Release|Any CPU.Build.0 = Release|Any CPU
		{7D851C21-BEAD-4864-9211-C1FC1530B515}.Debug|Any CPU.ActiveCfg = Debug|Any CPU
		{7D851C21-BEAD-4864-9211-C1FC1530B515}.Debug|Any CPU.Build.0 = Debug|Any CPU
		{7D851C21-BEAD-4864-9211-C1FC1530B515}.Release|Any CPU.ActiveCfg = Release|Any CPU
		{7D851C21-BEAD-4864-9211-C1FC1530B515}.Release|Any CPU.Build.0 = Release|Any CPU
		{1C54B143-04FA-429F-9064-B9F5D0ED4203}.Debug|Any CPU.ActiveCfg = Debug|Any CPU
		{1C54B143-04FA-429F-9064-B9F5D0ED4203}.Debug|Any CPU.Build.0 = Debug|Any CPU
		{1C54B143-04FA-429F-9064-B9F5D0ED4203}.Release|Any CPU.ActiveCfg = Release|Any CPU
		{1C54B143-04FA-429F-9064-B9F5D0ED4203}.Release|Any CPU.Build.0 = Release|Any CPU
	EndGlobalSection
	GlobalSection(SolutionProperties) = preSolution
		HideSolutionNode = FALSE
	EndGlobalSection
EndGlobal
